// !$*UTF8*$!
{
	archiveVersion = 1;
	classes = {
	};
	objectVersion = 55;
	objects = {

/* Begin PBXBuildFile section */
		EC32176D28B6E0380075D3EC /* AppDelegate.swift in Sources */ = {isa = PBXBuildFile; fileRef = EC32176C28B6E0380075D3EC /* AppDelegate.swift */; };
		EC32176F28B6E0380075D3EC /* SceneDelegate.swift in Sources */ = {isa = PBXBuildFile; fileRef = EC32176E28B6E0380075D3EC /* SceneDelegate.swift */; };
		EC32177128B6E0380075D3EC /* TimerViewController.swift in Sources */ = {isa = PBXBuildFile; fileRef = EC32177028B6E0380075D3EC /* TimerViewController.swift */; };
		EC32177628B6E0390075D3EC /* Assets.xcassets in Resources */ = {isa = PBXBuildFile; fileRef = EC32177528B6E0390075D3EC /* Assets.xcassets */; };
		EC32177928B6E0390075D3EC /* LaunchScreen.storyboard in Resources */ = {isa = PBXBuildFile; fileRef = EC32177728B6E0390075D3EC /* LaunchScreen.storyboard */; };
		EC32178728B6E3620075D3EC /* ExtensionsInt.swift in Sources */ = {isa = PBXBuildFile; fileRef = EC32178628B6E3620075D3EC /* ExtensionsInt.swift */; };
		EC32178A28B6E3A60075D3EC /* SnapKit in Frameworks */ = {isa = PBXBuildFile; productRef = EC32178928B6E3A60075D3EC /* SnapKit */; };
/* End PBXBuildFile section */

/* Begin PBXFileReference section */
		EC32176928B6E0380075D3EC /* HW-12-PomodoroTracker.app */ = {isa = PBXFileReference; explicitFileType = wrapper.application; includeInIndex = 0; path = "HW-12-PomodoroTracker.app"; sourceTree = BUILT_PRODUCTS_DIR; };
		EC32176C28B6E0380075D3EC /* AppDelegate.swift */ = {isa = PBXFileReference; lastKnownFileType = sourcecode.swift; path = AppDelegate.swift; sourceTree = "<group>"; };
		EC32176E28B6E0380075D3EC /* SceneDelegate.swift */ = {isa = PBXFileReference; lastKnownFileType = sourcecode.swift; path = SceneDelegate.swift; sourceTree = "<group>"; };
		EC32177028B6E0380075D3EC /* TimerViewController.swift */ = {isa = PBXFileReference; lastKnownFileType = sourcecode.swift; path = TimerViewController.swift; sourceTree = "<group>"; };
		EC32177528B6E0390075D3EC /* Assets.xcassets */ = {isa = PBXFileReference; lastKnownFileType = folder.assetcatalog; path = Assets.xcassets; sourceTree = "<group>"; };
		EC32177828B6E0390075D3EC /* Base */ = {isa = PBXFileReference; lastKnownFileType = file.storyboard; name = Base; path = Base.lproj/LaunchScreen.storyboard; sourceTree = "<group>"; };
		EC32177A28B6E0390075D3EC /* Info.plist */ = {isa = PBXFileReference; lastKnownFileType = text.plist.xml; path = Info.plist; sourceTree = "<group>"; };
		EC32178628B6E3620075D3EC /* ExtensionsInt.swift */ = {isa = PBXFileReference; lastKnownFileType = sourcecode.swift; path = ExtensionsInt.swift; sourceTree = "<group>"; };
/* End PBXFileReference section */

/* Begin PBXFrameworksBuildPhase section */
		EC32176628B6E0380075D3EC /* Frameworks */ = {
			isa = PBXFrameworksBuildPhase;
			buildActionMask = 2147483647;
			files = (
				EC32178A28B6E3A60075D3EC /* SnapKit in Frameworks */,
			);
			runOnlyForDeploymentPostprocessing = 0;
		};
/* End PBXFrameworksBuildPhase section */

/* Begin PBXGroup section */
		EC32176028B6E0380075D3EC = {
			isa = PBXGroup;
			children = (
				EC32176B28B6E0380075D3EC /* HW-12-PomodoroTracker */,
				EC32176A28B6E0380075D3EC /* Products */,
			);
			sourceTree = "<group>";
		};
		EC32176A28B6E0380075D3EC /* Products */ = {
			isa = PBXGroup;
			children = (
				EC32176928B6E0380075D3EC /* HW-12-PomodoroTracker.app */,
			);
			name = Products;
			sourceTree = "<group>";
		};
		EC32176B28B6E0380075D3EC /* HW-12-PomodoroTracker */ = {
			isa = PBXGroup;
			children = (
				EC32178328B6E2B30075D3EC /* Extensions */,
				EC32178228B6E2B00075D3EC /* Resources */,
				EC32178028B6E2AB0075D3EC /* Sources */,
			);
			path = "HW-12-PomodoroTracker";
			sourceTree = "<group>";
		};
		EC32178028B6E2AB0075D3EC /* Sources */ = {
			isa = PBXGroup;
			children = (
				EC32177028B6E0380075D3EC /* TimerViewController.swift */,
				EC32178528B6E3130075D3EC /* App */,
				EC32178428B6E3040075D3EC /* Storyboards */,
			);
			path = Sources;
			sourceTree = "<group>";
		};
		EC32178128B6E2AE0075D3EC /* Configuration */ = {
			isa = PBXGroup;
			children = (
				EC32177A28B6E0390075D3EC /* Info.plist */,
			);
			path = Configuration;
			sourceTree = "<group>";
		};
		EC32178228B6E2B00075D3EC /* Resources */ = {
			isa = PBXGroup;
			children = (
				EC32177528B6E0390075D3EC /* Assets.xcassets */,
				EC32178128B6E2AE0075D3EC /* Configuration */,
			);
			path = Resources;
			sourceTree = "<group>";
		};
		EC32178328B6E2B30075D3EC /* Extensions */ = {
			isa = PBXGroup;
			children = (
				EC32178628B6E3620075D3EC /* ExtensionsInt.swift */,
			);
			path = Extensions;
			sourceTree = "<group>";
		};
		EC32178428B6E3040075D3EC /* Storyboards */ = {
			isa = PBXGroup;
			children = (
				EC32177728B6E0390075D3EC /* LaunchScreen.storyboard */,
			);
			path = Storyboards;
			sourceTree = "<group>";
		};
		EC32178528B6E3130075D3EC /* App */ = {
			isa = PBXGroup;
			children = (
				EC32176C28B6E0380075D3EC /* AppDelegate.swift */,
				EC32176E28B6E0380075D3EC /* SceneDelegate.swift */,
			);
			path = App;
			sourceTree = "<group>";
		};
/* End PBXGroup section */

/* Begin PBXNativeTarget section */
		EC32176828B6E0380075D3EC /* HW-12-PomodoroTracker */ = {
			isa = PBXNativeTarget;
			buildConfigurationList = EC32177D28B6E0390075D3EC /* Build configuration list for PBXNativeTarget "HW-12-PomodoroTracker" */;
			buildPhases = (
				EC32176528B6E0380075D3EC /* Sources */,
				EC32176628B6E0380075D3EC /* Frameworks */,
				EC32176728B6E0380075D3EC /* Resources */,
			);
			buildRules = (
			);
			dependencies = (
			);
			name = "HW-12-PomodoroTracker";
			packageProductDependencies = (
				EC32178928B6E3A60075D3EC /* SnapKit */,
			);
			productName = "HW-12-PomodoroTracker";
			productReference = EC32176928B6E0380075D3EC /* HW-12-PomodoroTracker.app */;
			productType = "com.apple.product-type.application";
		};
/* End PBXNativeTarget section */

/* Begin PBXProject section */
		EC32176128B6E0380075D3EC /* Project object */ = {
			isa = PBXProject;
			attributes = {
				BuildIndependentTargetsInParallel = 1;
				LastSwiftUpdateCheck = 1340;
				LastUpgradeCheck = 1340;
				TargetAttributes = {
					EC32176828B6E0380075D3EC = {
						CreatedOnToolsVersion = 13.4.1;
					};
				};
			};
			buildConfigurationList = EC32176428B6E0380075D3EC /* Build configuration list for PBXProject "HW-12-PomodoroTracker" */;
			compatibilityVersion = "Xcode 13.0";
			developmentRegion = en;
			hasScannedForEncodings = 0;
			knownRegions = (
				en,
				Base,
			);
			mainGroup = EC32176028B6E0380075D3EC;
			packageReferences = (
				EC32178828B6E3A60075D3EC /* XCRemoteSwiftPackageReference "SnapKit" */,
			);
			productRefGroup = EC32176A28B6E0380075D3EC /* Products */;
			projectDirPath = "";
			projectRoot = "";
			targets = (
				EC32176828B6E0380075D3EC /* HW-12-PomodoroTracker */,
			);
		};
/* End PBXProject section */

/* Begin PBXResourcesBuildPhase section */
		EC32176728B6E0380075D3EC /* Resources */ = {
			isa = PBXResourcesBuildPhase;
			buildActionMask = 2147483647;
			files = (
				EC32177928B6E0390075D3EC /* LaunchScreen.storyboard in Resources */,
				EC32177628B6E0390075D3EC /* Assets.xcassets in Resources */,
			);
			runOnlyForDeploymentPostprocessing = 0;
		};
/* End PBXResourcesBuildPhase section */

/* Begin PBXSourcesBuildPhase section */
		EC32176528B6E0380075D3EC /* Sources */ = {
			isa = PBXSourcesBuildPhase;
			buildActionMask = 2147483647;
			files = (
				EC32177128B6E0380075D3EC /* TimerViewController.swift in Sources */,
				EC32176D28B6E0380075D3EC /* AppDelegate.swift in Sources */,
				EC32176F28B6E0380075D3EC /* SceneDelegate.swift in Sources */,
				EC32178728B6E3620075D3EC /* ExtensionsInt.swift in Sources */,
			);
			runOnlyForDeploymentPostprocessing = 0;
		};
/* End PBXSourcesBuildPhase section */

/* Begin PBXVariantGroup section */
		EC32177728B6E0390075D3EC /* LaunchScreen.storyboard */ = {
			isa = PBXVariantGroup;
			children = (
				EC32177828B6E0390075D3EC /* Base */,
			);
			name = LaunchScreen.storyboard;
			sourceTree = "<group>";
		};
/* End PBXVariantGroup section */

/* Begin XCBuildConfiguration section */
		EC32177B28B6E0390075D3EC /* Debug */ = {
			isa = XCBuildConfiguration;
			buildSettings = {
				ALWAYS_SEARCH_USER_PATHS = NO;
				CLANG_ANALYZER_NONNULL = YES;
				CLANG_ANALYZER_NUMBER_OBJECT_CONVERSION = YES_AGGRESSIVE;
				CLANG_CXX_LANGUAGE_STANDARD = "gnu++17";
				CLANG_ENABLE_MODULES = YES;
				CLANG_ENABLE_OBJC_ARC = YES;
				CLANG_ENABLE_OBJC_WEAK = YES;
				CLANG_WARN_BLOCK_CAPTURE_AUTORELEASING = YES;
				CLANG_WARN_BOOL_CONVERSION = YES;
				CLANG_WARN_COMMA = YES;
				CLANG_WARN_CONSTANT_CONVERSION = YES;
				CLANG_WARN_DEPRECATED_OBJC_IMPLEMENTATIONS = YES;
				CLANG_WARN_DIRECT_OBJC_ISA_USAGE = YES_ERROR;
				CLANG_WARN_DOCUMENTATION_COMMENTS = YES;
				CLANG_WARN_EMPTY_BODY = YES;
				CLANG_WARN_ENUM_CONVERSION = YES;
				CLANG_WARN_INFINITE_RECURSION = YES;
				CLANG_WARN_INT_CONVERSION = YES;
				CLANG_WARN_NON_LITERAL_NULL_CONVERSION = YES;
				CLANG_WARN_OBJC_IMPLICIT_RETAIN_SELF = YES;
				CLANG_WARN_OBJC_LITERAL_CONVERSION = YES;
				CLANG_WARN_OBJC_ROOT_CLASS = YES_ERROR;
				CLANG_WARN_QUOTED_INCLUDE_IN_FRAMEWORK_HEADER = YES;
				CLANG_WARN_RANGE_LOOP_ANALYSIS = YES;
				CLANG_WARN_STRICT_PROTOTYPES = YES;
				CLANG_WARN_SUSPICIOUS_MOVE = YES;
				CLANG_WARN_UNGUARDED_AVAILABILITY = YES_AGGRESSIVE;
				CLANG_WARN_UNREACHABLE_CODE = YES;
				CLANG_WARN__DUPLICATE_METHOD_MATCH = YES;
				COPY_PHASE_STRIP = NO;
				DEBUG_INFORMATION_FORMAT = dwarf;
				ENABLE_STRICT_OBJC_MSGSEND = YES;
				ENABLE_TESTABILITY = YES;
				GCC_C_LANGUAGE_STANDARD = gnu11;
				GCC_DYNAMIC_NO_PIC = NO;
				GCC_NO_COMMON_BLOCKS = YES;
				GCC_OPTIMIZATION_LEVEL = 0;
				GCC_PREPROCESSOR_DEFINITIONS = (
					"DEBUG=1",
					"$(inherited)",
				);
				GCC_WARN_64_TO_32_BIT_CONVERSION = YES;
				GCC_WARN_ABOUT_RETURN_TYPE = YES_ERROR;
				GCC_WARN_UNDECLARED_SELECTOR = YES;
				GCC_WARN_UNINITIALIZED_AUTOS = YES_AGGRESSIVE;
				GCC_WARN_UNUSED_FUNCTION = YES;
				GCC_WARN_UNUSED_VARIABLE = YES;
				IPHONEOS_DEPLOYMENT_TARGET = 15.5;
				MTL_ENABLE_DEBUG_INFO = INCLUDE_SOURCE;
				MTL_FAST_MATH = YES;
				ONLY_ACTIVE_ARCH = YES;
				SDKROOT = iphoneos;
				SWIFT_ACTIVE_COMPILATION_CONDITIONS = DEBUG;
				SWIFT_OPTIMIZATION_LEVEL = "-Onone";
			};
			name = Debug;
		};
		EC32177C28B6E0390075D3EC /* Release */ = {
			isa = XCBuildConfiguration;
			buildSettings = {
				ALWAYS_SEARCH_USER_PATHS = NO;
				CLANG_ANALYZER_NONNULL = YES;
				CLANG_ANALYZER_NUMBER_OBJECT_CONVERSION = YES_AGGRESSIVE;
				CLANG_CXX_LANGUAGE_STANDARD = "gnu++17";
				CLANG_ENABLE_MODULES = YES;
				CLANG_ENABLE_OBJC_ARC = YES;
				CLANG_ENABLE_OBJC_WEAK = YES;
				CLANG_WARN_BLOCK_CAPTURE_AUTORELEASING = YES;
				CLANG_WARN_BOOL_CONVERSION = YES;
				CLANG_WARN_COMMA = YES;
				CLANG_WARN_CONSTANT_CONVERSION = YES;
				CLANG_WARN_DEPRECATED_OBJC_IMPLEMENTATIONS = YES;
				CLANG_WARN_DIRECT_OBJC_ISA_USAGE = YES_ERROR;
				CLANG_WARN_DOCUMENTATION_COMMENTS = YES;
				CLANG_WARN_EMPTY_BODY = YES;
				CLANG_WARN_ENUM_CONVERSION = YES;
				CLANG_WARN_INFINITE_RECURSION = YES;
				CLANG_WARN_INT_CONVERSION = YES;
				CLANG_WARN_NON_LITERAL_NULL_CONVERSION = YES;
				CLANG_WARN_OBJC_IMPLICIT_RETAIN_SELF = YES;
				CLANG_WARN_OBJC_LITERAL_CONVERSION = YES;
				CLANG_WARN_OBJC_ROOT_CLASS = YES_ERROR;
				CLANG_WARN_QUOTED_INCLUDE_IN_FRAMEWORK_HEADER = YES;
				CLANG_WARN_RANGE_LOOP_ANALYSIS = YES;
				CLANG_WARN_STRICT_PROTOTYPES = YES;
				CLANG_WARN_SUSPICIOUS_MOVE = YES;
				CLANG_WARN_UNGUARDED_AVAILABILITY = YES_AGGRESSIVE;
				CLANG_WARN_UNREACHABLE_CODE = YES;
				CLANG_WARN__DUPLICATE_METHOD_MATCH = YES;
				COPY_PHASE_STRIP = NO;
				DEBUG_INFORMATION_FORMAT = "dwarf-with-dsym";
				ENABLE_NS_ASSERTIONS = NO;
				ENABLE_STRICT_OBJC_MSGSEND = YES;
				GCC_C_LANGUAGE_STANDARD = gnu11;
				GCC_NO_COMMON_BLOCKS = YES;
				GCC_WARN_64_TO_32_BIT_CONVERSION = YES;
				GCC_WARN_ABOUT_RETURN_TYPE = YES_ERROR;
				GCC_WARN_UNDECLARED_SELECTOR = YES;
				GCC_WARN_UNINITIALIZED_AUTOS = YES_AGGRESSIVE;
				GCC_WARN_UNUSED_FUNCTION = YES;
				GCC_WARN_UNUSED_VARIABLE = YES;
				IPHONEOS_DEPLOYMENT_TARGET = 15.5;
				MTL_ENABLE_DEBUG_INFO = NO;
				MTL_FAST_MATH = YES;
				SDKROOT = iphoneos;
				SWIFT_COMPILATION_MODE = wholemodule;
				SWIFT_OPTIMIZATION_LEVEL = "-O";
				VALIDATE_PRODUCT = YES;
			};
			name = Release;
		};
		EC32177E28B6E0390075D3EC /* Debug */ = {
			isa = XCBuildConfiguration;
			buildSettings = {
				ASSETCATALOG_COMPILER_APPICON_NAME = AppIcon;
				ASSETCATALOG_COMPILER_GLOBAL_ACCENT_COLOR_NAME = AccentColor;
				CODE_SIGN_STYLE = Automatic;
				CURRENT_PROJECT_VERSION = 1;
				DEVELOPMENT_TEAM = 3496F3A4HL;
				GENERATE_INFOPLIST_FILE = YES;
				INFOPLIST_FILE = "HW-12-PomodoroTracker/Info.plist";
				INFOPLIST_KEY_UIApplicationSupportsIndirectInputEvents = YES;
				INFOPLIST_KEY_UILaunchStoryboardName = LaunchScreen;
				INFOPLIST_KEY_UISupportedInterfaceOrientations_iPad = "UIInterfaceOrientationPortrait UIInterfaceOrientationPortraitUpsideDown UIInterfaceOrientationLandscapeLeft UIInterfaceOrientationLandscapeRight";
				INFOPLIST_KEY_UISupportedInterfaceOrientations_iPhone = "UIInterfaceOrientationPortrait UIInterfaceOrientationLandscapeLeft UIInterfaceOrientationLandscapeRight";
				IPHONEOS_DEPLOYMENT_TARGET = 15.4;
				LD_RUNPATH_SEARCH_PATHS = (
					"$(inherited)",
					"@executable_path/Frameworks",
				);
				MARKETING_VERSION = 1.0;
				PRODUCT_BUNDLE_IDENTIFIER = "com.my.HW-12-PomodoroTracker";
				PRODUCT_NAME = "$(TARGET_NAME)";
				SWIFT_EMIT_LOC_STRINGS = YES;
				SWIFT_VERSION = 5.0;
				TARGETED_DEVICE_FAMILY = "1,2";
			};
			name = Debug;
		};
		EC32177F28B6E0390075D3EC /* Release */ = {
			isa = XCBuildConfiguration;
			buildSettings = {
				ASSETCATALOG_COMPILER_APPICON_NAME = AppIcon;
				ASSETCATALOG_COMPILER_GLOBAL_ACCENT_COLOR_NAME = AccentColor;
				CODE_SIGN_STYLE = Automatic;
				CURRENT_PROJECT_VERSION = 1;
				DEVELOPMENT_TEAM = 3496F3A4HL;
				GENERATE_INFOPLIST_FILE = YES;
				INFOPLIST_FILE = "HW-12-PomodoroTracker/Info.plist";
				INFOPLIST_KEY_UIApplicationSupportsIndirectInputEvents = YES;
				INFOPLIST_KEY_UILaunchStoryboardName = LaunchScreen;
				INFOPLIST_KEY_UISupportedInterfaceOrientations_iPad = "UIInterfaceOrientationPortrait UIInterfaceOrientationPortraitUpsideDown UIInterfaceOrientationLandscapeLeft UIInterfaceOrientationLandscapeRight";
				INFOPLIST_KEY_UISupportedInterfaceOrientations_iPhone = "UIInterfaceOrientationPortrait UIInterfaceOrientationLandscapeLeft UIInterfaceOrientationLandscapeRight";
				IPHONEOS_DEPLOYMENT_TARGET = 15.4;
				LD_RUNPATH_SEARCH_PATHS = (
					"$(inherited)",
					"@executable_path/Frameworks",
				);
				MARKETING_VERSION = 1.0;
				PRODUCT_BUNDLE_IDENTIFIER = "com.my.HW-12-PomodoroTracker";
				PRODUCT_NAME = "$(TARGET_NAME)";
				SWIFT_EMIT_LOC_STRINGS = YES;
				SWIFT_VERSION = 5.0;
				TARGETED_DEVICE_FAMILY = "1,2";
			};
			name = Release;
		};
/* End XCBuildConfiguration section */

/* Begin XCConfigurationList section */
		EC32176428B6E0380075D3EC /* Build configuration list for PBXProject "HW-12-PomodoroTracker" */ = {
			isa = XCConfigurationList;
			buildConfigurations = (
				EC32177B28B6E0390075D3EC /* Debug */,
				EC32177C28B6E0390075D3EC /* Release */,
			);
			defaultConfigurationIsVisible = 0;
			defaultConfigurationName = Release;
		};
		EC32177D28B6E0390075D3EC /* Build configuration list for PBXNativeTarget "HW-12-PomodoroTracker" */ = {
			isa = XCConfigurationList;
			buildConfigurations = (
				EC32177E28B6E0390075D3EC /* Debug */,
				EC32177F28B6E0390075D3EC /* Release */,
			);
			defaultConfigurationIsVisible = 0;
			defaultConfigurationName = Release;
		};
/* End XCConfigurationList section */

/* Begin XCRemoteSwiftPackageReference section */
		EC32178828B6E3A60075D3EC /* XCRemoteSwiftPackageReference "SnapKit" */ = {
			isa = XCRemoteSwiftPackageReference;
			repositoryURL = "https://github.com/SnapKit/SnapKit.git";
			requirement = {
				kind = upToNextMajorVersion;
				minimumVersion = 5.0.0;
			};
		};
/* End XCRemoteSwiftPackageReference section */

/* Begin XCSwiftPackageProductDependency section */
		EC32178928B6E3A60075D3EC /* SnapKit */ = {
			isa = XCSwiftPackageProductDependency;
			package = EC32178828B6E3A60075D3EC /* XCRemoteSwiftPackageReference "SnapKit" */;
			productName = SnapKit;
		};
/* End XCSwiftPackageProductDependency section */
	};
	rootObject = EC32176128B6E0380075D3EC /* Project object */;
}
